
Microsoft Visual Studio Solution File, Format Version 12.00
# Visual Studio Version 16
VisualStudioVersion = 16.0.30114.105
MinimumVisualStudioVersion = 10.0.40219.1
Project("{FAE04EC0-301F-11D3-BF4B-00C04F79EFBC}") = "gestion de formations d’une école", "gestion de formations d’une école\gestion de formations d’une école.csproj", "{3957760F-70A9-4114-8639-A7E9A20E4C71}"
EndProject
Global
	GlobalSection(SolutionConfigurationPlatforms) = preSolution
		Debug|Any CPU = Debug|Any CPU
		Release|Any CPU = Release|Any CPU
	EndGlobalSection
	GlobalSection(ProjectConfigurationPlatforms) = postSolution
		{3957760F-70A9-4114-8639-A7E9A20E4C71}.Debug|Any CPU.ActiveCfg = Debug|Any CPU
		{3957760F-70A9-4114-8639-A7E9A20E4C71}.Debug|Any CPU.Build.0 = Debug|Any CPU
		{3957760F-70A9-4114-8639-A7E9A20E4C71}.Release|Any CPU.ActiveCfg = Release|Any CPU
		{3957760F-70A9-4114-8639-A7E9A20E4C71}.Release|Any CPU.Build.0 = Release|Any CPU
	EndGlobalSection
	GlobalSection(SolutionProperties) = preSolution
		HideSolutionNode = FALSE
	EndGlobalSection
	GlobalSection(ExtensibilityGlobals) = postSolution
		SolutionGuid = {8486F28F-0DFF-42CD-B0DA-73364B66A130}
	EndGlobalSection
EndGlobal
